
Microsoft Visual Studio Solution File, Format Version 12.00
# Visual Studio Version 17
VisualStudioVersion = 17.14.36429.23 d17.14
MinimumVisualStudioVersion = 10.0.40219.1
Project("{FAE04EC0-301F-11D3-BF4B-00C04F79EFBC}") = "TodoApp", "TodoApp\TodoApp.csproj", "{AB3FC878-8F1F-41F3-B7DF-32D2418C5A1C}"
EndProject
Project("{FAE04EC0-301F-11D3-BF4B-00C04F79EFBC}") = "TodoApp.database", "TodoApp.database\TodoApp.database.csproj", "{7EE57931-091F-4D3C-AC19-09BB54A7AE0B}"
EndProject
Global
	GlobalSection(SolutionConfigurationPlatforms) = preSolution
		Debug|Any CPU = Debug|Any CPU
		Release|Any CPU = Release|Any CPU
	EndGlobalSection
	GlobalSection(ProjectConfigurationPlatforms) = postSolution
		{AB3FC878-8F1F-41F3-B7DF-32D2418C5A1C}.Debug|Any CPU.ActiveCfg = Debug|Any CPU
		{AB3FC878-8F1F-41F3-B7DF-32D2418C5A1C}.Debug|Any CPU.Build.0 = Debug|Any CPU
		{AB3FC878-8F1F-41F3-B7DF-32D2418C5A1C}.Release|Any CPU.ActiveCfg = Release|Any CPU
		{AB3FC878-8F1F-41F3-B7DF-32D2418C5A1C}.Release|Any CPU.Build.0 = Release|Any CPU
		{7EE57931-091F-4D3C-AC19-09BB54A7AE0B}.Debug|Any CPU.ActiveCfg = Debug|Any CPU
		{7EE57931-091F-4D3C-AC19-09BB54A7AE0B}.Debug|Any CPU.Build.0 = Debug|Any CPU
		{7EE57931-091F-4D3C-AC19-09BB54A7AE0B}.Release|Any CPU.ActiveCfg = Release|Any CPU
		{7EE57931-091F-4D3C-AC19-09BB54A7AE0B}.Release|Any CPU.Build.0 = Release|Any CPU
	EndGlobalSection
	GlobalSection(SolutionProperties) = preSolution
		HideSolutionNode = FALSE
	EndGlobalSection
	GlobalSection(ExtensibilityGlobals) = postSolution
		SolutionGuid = {2F4E0B53-66CF-4963-A66A-AAB2F55F13F5}
	EndGlobalSection
EndGlobal
